
Microsoft Visual Studio Solution File, Format Version 12.00
# Visual Studio Version 16
VisualStudioVersion = 16.0.33529.622
MinimumVisualStudioVersion = 10.0.40219.1
Project("{FAE04EC0-301F-11D3-BF4B-00C04F79EFBC}") = "LibraryManagement", "LibraryManagement.csproj", "{4FD5F997-0FFF-41FC-802C-69606EC408A5}"
EndProject
Global
	GlobalSection(SolutionConfigurationPlatforms) = preSolution
		Debug|Any CPU = Debug|Any CPU
		Release|Any CPU = Release|Any CPU
	EndGlobalSection
	GlobalSection(ProjectConfigurationPlatforms) = postSolution
		{4FD5F997-0FFF-41FC-802C-69606EC408A5}.Debug|Any CPU.ActiveCfg = Debug|Any CPU
		{4FD5F997-0FFF-41FC-802C-69606EC408A5}.Debug|Any CPU.Build.0 = Debug|Any CPU
		{4FD5F997-0FFF-41FC-802C-69606EC408A5}.Release|Any CPU.ActiveCfg = Release|Any CPU
		{4FD5F997-0FFF-41FC-802C-69606EC408A5}.Release|Any CPU.Build.0 = Release|Any CPU
	EndGlobalSection
	GlobalSection(SolutionProperties) = preSolution
		HideSolutionNode = FALSE
	EndGlobalSection
	GlobalSection(ExtensibilityGlobals) = postSolution
		SolutionGuid = {D5ACA512-357C-43B9-93D7-58DB8B2A2C22}
	EndGlobalSection
EndGlobal
